<?xml version="1.0" encoding="utf-8"?>
<Project ToolsVersion="4.0" xmlns="http://schemas.microsoft.com/developer/msbuild/2003">
  <ItemGroup>
    <Filter Include="boost">
      <UniqueIdentifier>{6e46c029-2ae8-4080-b311-30cf13505d48}</UniqueIdentifier>
    </Filter>
    <Filter Include="borb">
      <UniqueIdentifier>{22eba00f-0f56-403a-9035-be9ec20097a8}</UniqueIdentifier>
    </Filter>
    <Filter Include="SimpleIni">
      <UniqueIdentifier>{e631f965-d057-4d46-af16-45d079ffb724}</UniqueIdentifier>
    </Filter>
    <Filter Include="OrbitalMath">
      <UniqueIdentifier>{8bf76010-4be3-4e70-82d2-9409bdabe105}</UniqueIdentifier>
    </Filter>
  </ItemGroup>
  <ItemGroup>
    <None Include="boost\license.txt">
      <Filter>boost</Filter>
    </None>
    <None Include="boost\readme.txt">
      <Filter>boost</Filter>
    </None>
  </ItemGroup>
  <ItemGroup>
    <ClCompile Include="PrecompiledBoostOrbiter.cpp" />
    <ClCompile Include="borb\MfdColors.cpp">
      <Filter>borb</Filter>
    </ClCompile>
    <ClCompile Include="borb\SketchpadHelper.cpp">
      <Filter>borb</Filter>
    </ClCompile>
    <ClCompile Include="borb\Misc.cpp">
      <Filter>borb</Filter>
    </ClCompile>
    <ClCompile Include="borb\ScenarioTree.cpp">
      <Filter>borb</Filter>
    </ClCompile>
    <ClCompile Include="borb\VesselAccelerationTracker.cpp">
      <Filter>borb</Filter>
    </ClCompile>
    <ClCompile Include="borb\MfdBase.cpp">
      <Filter>borb</Filter>
    </ClCompile>
  </ItemGroup>
  <ItemGroup>
    <ClInclude Include="borb\borb.h">
      <Filter>borb</Filter>
    </ClInclude>
    <ClInclude Include="SimpleIni\SimpleIni.h">
      <Filter>SimpleIni</Filter>
    </ClInclude>
    <ClInclude Include="SimpleIni\SimpleIniCore.h">
      <Filter>SimpleIni</Filter>
    </ClInclude>
    <ClInclude Include="PrecompiledBoostOrbiter.h" />
    <ClInclude Include="OrbitalMath\OrbitalMath.h">
      <Filter>OrbitalMath</Filter>
    </ClInclude>
    <ClInclude Include="OrbitalMath\Types.h">
      <Filter>OrbitalMath</Filter>
    </ClInclude>
    <ClInclude Include="OrbitalMath\Util.h">
      <Filter>OrbitalMath</Filter>
    </ClInclude>
    <ClInclude Include="OrbitalMath\Consts.h">
      <Filter>OrbitalMath</Filter>
    </ClInclude>
    <ClInclude Include="OrbitalMath\OrbitalFuncAnomaly.h">
      <Filter>OrbitalMath</Filter>
    </ClInclude>
    <ClInclude Include="OrbitalMath\OrbitalFuncAux.h">
      <Filter>OrbitalMath</Filter>
    </ClInclude>
    <ClInclude Include="OrbitalMath\OrbitalFuncCore.h">
      <Filter>OrbitalMath</Filter>
    </ClInclude>
    <ClInclude Include="OrbitalMath\OrbitalFuncStates.h">
      <Filter>OrbitalMath</Filter>
    </ClInclude>
    <ClInclude Include="borb\MfdColors.h">
      <Filter>borb</Filter>
    </ClInclude>
    <ClInclude Include="borb\SketchpadHelper.h">
      <Filter>borb</Filter>
    </ClInclude>
    <ClInclude Include="borb\Misc.h">
      <Filter>borb</Filter>
    </ClInclude>
    <ClInclude Include="borb\ScenarioTree.h">
      <Filter>borb</Filter>
    </ClInclude>
    <ClInclude Include="borb\VesselAccelerationTracker.h">
      <Filter>borb</Filter>
    </ClInclude>
    <ClInclude Include="borb\VesselAttached.h">
      <Filter>borb</Filter>
    </ClInclude>
    <ClInclude Include="borb\MfdBase.h">
      <Filter>borb</Filter>
    </ClInclude>
    <ClInclude Include="borb\Module.h">
      <Filter>borb</Filter>
    </ClInclude>
    <ClInclude Include="borb\Module.cpp.h">
      <Filter>borb</Filter>
    </ClInclude>
  </ItemGroup>
</Project>